
Microsoft Visual Studio Solution File, Format Version 12.00
Project("{FAE04EC0-301F-11D3-BF4B-00C04F79EFBC}") = "Blog", "Blog\Blog.csproj", "{BD85ACD6-CA43-43EC-80A5-A4AAE44105A0}"
EndProject
Project("{FAE04EC0-301F-11D3-BF4B-00C04F79EFBC}") = "Blog.Database", "Blog.Database\Blog.Database.csproj", "{E49CE1E7-4922-4010-BA4E-ADB2675506D5}"
EndProject
Project("{FAE04EC0-301F-11D3-BF4B-00C04F79EFBC}") = "Blog.DTO", "Blog.DTO\Blog.DTO.csproj", "{1303A1BF-B2AA-4682-9E9D-321DC6CD03D2}"
EndProject
Project("{FAE04EC0-301F-11D3-BF4B-00C04F79EFBC}") = "Blog.Services", "Blog.Services\Blog.Services.csproj", "{23601880-AAE1-4C08-B765-2F8884029F9D}"
EndProject
Project("{FAE04EC0-301F-11D3-BF4B-00C04F79EFBC}") = "Blog.Utilities", "Blog.Utilities\Blog.Utilities.csproj", "{870799CA-E301-4692-857E-2091182495B3}"
EndProject
Project("{FAE04EC0-301F-11D3-BF4B-00C04F79EFBC}") = "Blog.Tests", "Blog.Tests\Blog.Tests.csproj", "{1D313D8D-7AC2-448F-9171-8FA27A6829EB}"
EndProject
Global
	GlobalSection(SolutionConfigurationPlatforms) = preSolution
		Debug|Any CPU = Debug|Any CPU
		Release|Any CPU = Release|Any CPU
	EndGlobalSection
	GlobalSection(ProjectConfigurationPlatforms) = postSolution
		{BD85ACD6-CA43-43EC-80A5-A4AAE44105A0}.Debug|Any CPU.ActiveCfg = Debug|Any CPU
		{BD85ACD6-CA43-43EC-80A5-A4AAE44105A0}.Debug|Any CPU.Build.0 = Debug|Any CPU
		{BD85ACD6-CA43-43EC-80A5-A4AAE44105A0}.Release|Any CPU.ActiveCfg = Release|Any CPU
		{BD85ACD6-CA43-43EC-80A5-A4AAE44105A0}.Release|Any CPU.Build.0 = Release|Any CPU
		{E49CE1E7-4922-4010-BA4E-ADB2675506D5}.Debug|Any CPU.ActiveCfg = Debug|Any CPU
		{E49CE1E7-4922-4010-BA4E-ADB2675506D5}.Debug|Any CPU.Build.0 = Debug|Any CPU
		{E49CE1E7-4922-4010-BA4E-ADB2675506D5}.Release|Any CPU.ActiveCfg = Release|Any CPU
		{E49CE1E7-4922-4010-BA4E-ADB2675506D5}.Release|Any CPU.Build.0 = Release|Any CPU
		{1303A1BF-B2AA-4682-9E9D-321DC6CD03D2}.Debug|Any CPU.ActiveCfg = Debug|Any CPU
		{1303A1BF-B2AA-4682-9E9D-321DC6CD03D2}.Debug|Any CPU.Build.0 = Debug|Any CPU
		{1303A1BF-B2AA-4682-9E9D-321DC6CD03D2}.Release|Any CPU.ActiveCfg = Release|Any CPU
		{1303A1BF-B2AA-4682-9E9D-321DC6CD03D2}.Release|Any CPU.Build.0 = Release|Any CPU
		{23601880-AAE1-4C08-B765-2F8884029F9D}.Debug|Any CPU.ActiveCfg = Debug|Any CPU
		{23601880-AAE1-4C08-B765-2F8884029F9D}.Debug|Any CPU.Build.0 = Debug|Any CPU
		{23601880-AAE1-4C08-B765-2F8884029F9D}.Release|Any CPU.ActiveCfg = Release|Any CPU
		{23601880-AAE1-4C08-B765-2F8884029F9D}.Release|Any CPU.Build.0 = Release|Any CPU
		{870799CA-E301-4692-857E-2091182495B3}.Debug|Any CPU.ActiveCfg = Debug|Any CPU
		{870799CA-E301-4692-857E-2091182495B3}.Debug|Any CPU.Build.0 = Debug|Any CPU
		{870799CA-E301-4692-857E-2091182495B3}.Release|Any CPU.ActiveCfg = Release|Any CPU
		{870799CA-E301-4692-857E-2091182495B3}.Release|Any CPU.Build.0 = Release|Any CPU
		{1D313D8D-7AC2-448F-9171-8FA27A6829EB}.Debug|Any CPU.ActiveCfg = Debug|Any CPU
		{1D313D8D-7AC2-448F-9171-8FA27A6829EB}.Debug|Any CPU.Build.0 = Debug|Any CPU
		{1D313D8D-7AC2-448F-9171-8FA27A6829EB}.Release|Any CPU.ActiveCfg = Release|Any CPU
		{1D313D8D-7AC2-448F-9171-8FA27A6829EB}.Release|Any CPU.Build.0 = Release|Any CPU
	EndGlobalSection
EndGlobal
